
Microsoft Visual Studio Solution File, Format Version 12.00
# Visual Studio 15
VisualStudioVersion = 15.0.28010.2019
MinimumVisualStudioVersion = 10.0.40219.1
Project("{FAE04EC0-301F-11D3-BF4B-00C04F79EFBC}") = "LR№3", "LR№3\LR№3.csproj", "{CC280679-52B6-4352-A3F6-8BEE3AC631E7}"
EndProject
Global
	GlobalSection(SolutionConfigurationPlatforms) = preSolution
		Debug|Any CPU = Debug|Any CPU
		Release|Any CPU = Release|Any CPU
	EndGlobalSection
	GlobalSection(ProjectConfigurationPlatforms) = postSolution
		{CC280679-52B6-4352-A3F6-8BEE3AC631E7}.Debug|Any CPU.ActiveCfg = Debug|Any CPU
		{CC280679-52B6-4352-A3F6-8BEE3AC631E7}.Debug|Any CPU.Build.0 = Debug|Any CPU
		{CC280679-52B6-4352-A3F6-8BEE3AC631E7}.Release|Any CPU.ActiveCfg = Release|Any CPU
		{CC280679-52B6-4352-A3F6-8BEE3AC631E7}.Release|Any CPU.Build.0 = Release|Any CPU
	EndGlobalSection
	GlobalSection(SolutionProperties) = preSolution
		HideSolutionNode = FALSE
	EndGlobalSection
	GlobalSection(ExtensibilityGlobals) = postSolution
		SolutionGuid = {158E9557-F79F-4120-8C4B-7A1F3318CFF4}
	EndGlobalSection
EndGlobal
